
Microsoft Visual Studio Solution File, Format Version 12.00
# Visual Studio Version 17
VisualStudioVersion = 17.9.34622.214
MinimumVisualStudioVersion = 10.0.40219.1
Project("{FAE04EC0-301F-11D3-BF4B-00C04F79EFBC}") = "SignLanguageInterpreter.API", "SignLanguageInterpreter.API.csproj", "{7C379378-6743-42F7-A420-E71F3A6A6FD3}"
EndProject
Global
	GlobalSection(SolutionConfigurationPlatforms) = preSolution
		Debug|Any CPU = Debug|Any CPU
		Release|Any CPU = Release|Any CPU
	EndGlobalSection
	GlobalSection(ProjectConfigurationPlatforms) = postSolution
		{7C379378-6743-42F7-A420-E71F3A6A6FD3}.Debug|Any CPU.ActiveCfg = Debug|Any CPU
		{7C379378-6743-42F7-A420-E71F3A6A6FD3}.Debug|Any CPU.Build.0 = Debug|Any CPU
		{7C379378-6743-42F7-A420-E71F3A6A6FD3}.Release|Any CPU.ActiveCfg = Release|Any CPU
		{7C379378-6743-42F7-A420-E71F3A6A6FD3}.Release|Any CPU.Build.0 = Release|Any CPU
	EndGlobalSection
	GlobalSection(SolutionProperties) = preSolution
		HideSolutionNode = FALSE
	EndGlobalSection
	GlobalSection(ExtensibilityGlobals) = postSolution
		SolutionGuid = {4EB0D941-F17B-41E9-AD6F-77EDB6803E90}
	EndGlobalSection
EndGlobal
